
Microsoft Visual Studio Solution File, Format Version 12.00
# Visual Studio Version 17
VisualStudioVersion = 17.4.33122.133
MinimumVisualStudioVersion = 10.0.40219.1
Project("{FAE04EC0-301F-11D3-BF4B-00C04F79EFBC}") = "SacramentPlanner", "SacramentPlanner.csproj", "{D8BEDCD6-D3D7-4E86-953F-E874EEA3F8BD}"
EndProject
Global
	GlobalSection(SolutionConfigurationPlatforms) = preSolution
		Debug|Any CPU = Debug|Any CPU
		Release|Any CPU = Release|Any CPU
	EndGlobalSection
	GlobalSection(ProjectConfigurationPlatforms) = postSolution
		{D8BEDCD6-D3D7-4E86-953F-E874EEA3F8BD}.Debug|Any CPU.ActiveCfg = Debug|Any CPU
		{D8BEDCD6-D3D7-4E86-953F-E874EEA3F8BD}.Debug|Any CPU.Build.0 = Debug|Any CPU
		{D8BEDCD6-D3D7-4E86-953F-E874EEA3F8BD}.Release|Any CPU.ActiveCfg = Release|Any CPU
		{D8BEDCD6-D3D7-4E86-953F-E874EEA3F8BD}.Release|Any CPU.Build.0 = Release|Any CPU
	EndGlobalSection
	GlobalSection(SolutionProperties) = preSolution
		HideSolutionNode = FALSE
	EndGlobalSection
	GlobalSection(ExtensibilityGlobals) = postSolution
		SolutionGuid = {830FB314-83AF-4A9B-B8BF-6BB260178E07}
	EndGlobalSection
EndGlobal
